
Microsoft Visual Studio Solution File, Format Version 12.00
# Visual Studio Version 17
VisualStudioVersion = 17.7.34221.43
MinimumVisualStudioVersion = 10.0.40219.1
Project("{FAE04EC0-301F-11D3-BF4B-00C04F79EFBC}") = "Assignment14", "Assignment14.csproj", "{70628D7C-E98B-4E4D-8EE5-21F02180B551}"
EndProject
Global
	GlobalSection(SolutionConfigurationPlatforms) = preSolution
		Debug|Any CPU = Debug|Any CPU
		Release|Any CPU = Release|Any CPU
	EndGlobalSection
	GlobalSection(ProjectConfigurationPlatforms) = postSolution
		{70628D7C-E98B-4E4D-8EE5-21F02180B551}.Debug|Any CPU.ActiveCfg = Debug|Any CPU
		{70628D7C-E98B-4E4D-8EE5-21F02180B551}.Debug|Any CPU.Build.0 = Debug|Any CPU
		{70628D7C-E98B-4E4D-8EE5-21F02180B551}.Release|Any CPU.ActiveCfg = Release|Any CPU
		{70628D7C-E98B-4E4D-8EE5-21F02180B551}.Release|Any CPU.Build.0 = Release|Any CPU
	EndGlobalSection
	GlobalSection(SolutionProperties) = preSolution
		HideSolutionNode = FALSE
	EndGlobalSection
	GlobalSection(ExtensibilityGlobals) = postSolution
		SolutionGuid = {0FAD95E7-F8DD-4585-A0CA-66A2E39AED59}
	EndGlobalSection
EndGlobal
